
Microsoft Visual Studio Solution File, Format Version 12.00
# Visual Studio Version 16
VisualStudioVersion = 16.0.33801.447
MinimumVisualStudioVersion = 10.0.40219.1
Project("{FAE04EC0-301F-11D3-BF4B-00C04F79EFBC}") = "Main Method Assignment", "Main Method Assignment.csproj", "{BB418166-A3A7-4F71-8E18-A8C5149F0CAD}"
EndProject
Global
	GlobalSection(SolutionConfigurationPlatforms) = preSolution
		Debug|Any CPU = Debug|Any CPU
		Release|Any CPU = Release|Any CPU
	EndGlobalSection
	GlobalSection(ProjectConfigurationPlatforms) = postSolution
		{BB418166-A3A7-4F71-8E18-A8C5149F0CAD}.Debug|Any CPU.ActiveCfg = Debug|Any CPU
		{BB418166-A3A7-4F71-8E18-A8C5149F0CAD}.Debug|Any CPU.Build.0 = Debug|Any CPU
		{BB418166-A3A7-4F71-8E18-A8C5149F0CAD}.Release|Any CPU.ActiveCfg = Release|Any CPU
		{BB418166-A3A7-4F71-8E18-A8C5149F0CAD}.Release|Any CPU.Build.0 = Release|Any CPU
	EndGlobalSection
	GlobalSection(SolutionProperties) = preSolution
		HideSolutionNode = FALSE
	EndGlobalSection
	GlobalSection(ExtensibilityGlobals) = postSolution
		SolutionGuid = {8C7808DA-3FD2-4FD7-A896-901525BA9D28}
	EndGlobalSection
EndGlobal
