
Microsoft Visual Studio Solution File, Format Version 12.00
# Visual Studio Version 16
VisualStudioVersion = 16.0.33801.447
MinimumVisualStudioVersion = 10.0.40219.1
Project("{FAE04EC0-301F-11D3-BF4B-00C04F79EFBC}") = "Price Quote Application", "Price Quote Application.csproj", "{9F30A1AA-18F2-423B-831A-1B37BE62FD69}"
EndProject
Global
	GlobalSection(SolutionConfigurationPlatforms) = preSolution
		Debug|Any CPU = Debug|Any CPU
		Release|Any CPU = Release|Any CPU
	EndGlobalSection
	GlobalSection(ProjectConfigurationPlatforms) = postSolution
		{9F30A1AA-18F2-423B-831A-1B37BE62FD69}.Debug|Any CPU.ActiveCfg = Debug|Any CPU
		{9F30A1AA-18F2-423B-831A-1B37BE62FD69}.Debug|Any CPU.Build.0 = Debug|Any CPU
		{9F30A1AA-18F2-423B-831A-1B37BE62FD69}.Release|Any CPU.ActiveCfg = Release|Any CPU
		{9F30A1AA-18F2-423B-831A-1B37BE62FD69}.Release|Any CPU.Build.0 = Release|Any CPU
	EndGlobalSection
	GlobalSection(SolutionProperties) = preSolution
		HideSolutionNode = FALSE
	EndGlobalSection
	GlobalSection(ExtensibilityGlobals) = postSolution
		SolutionGuid = {93750FB1-2BA9-47F3-8DCC-4C14C22BA07C}
	EndGlobalSection
EndGlobal
