
Microsoft Visual Studio Solution File, Format Version 12.00
# Visual Studio Version 16
VisualStudioVersion = 16.0.33801.447
MinimumVisualStudioVersion = 10.0.40219.1
Project("{FAE04EC0-301F-11D3-BF4B-00C04F79EFBC}") = "TryCatch Assignment", "TryCatch Assignment.csproj", "{573D5C49-4091-4E37-A531-687CBF1FBCF7}"
EndProject
Global
	GlobalSection(SolutionConfigurationPlatforms) = preSolution
		Debug|Any CPU = Debug|Any CPU
		Release|Any CPU = Release|Any CPU
	EndGlobalSection
	GlobalSection(ProjectConfigurationPlatforms) = postSolution
		{573D5C49-4091-4E37-A531-687CBF1FBCF7}.Debug|Any CPU.ActiveCfg = Debug|Any CPU
		{573D5C49-4091-4E37-A531-687CBF1FBCF7}.Debug|Any CPU.Build.0 = Debug|Any CPU
		{573D5C49-4091-4E37-A531-687CBF1FBCF7}.Release|Any CPU.ActiveCfg = Release|Any CPU
		{573D5C49-4091-4E37-A531-687CBF1FBCF7}.Release|Any CPU.Build.0 = Release|Any CPU
	EndGlobalSection
	GlobalSection(SolutionProperties) = preSolution
		HideSolutionNode = FALSE
	EndGlobalSection
	GlobalSection(ExtensibilityGlobals) = postSolution
		SolutionGuid = {8F741BB0-D847-476E-89FC-E0C8C209A14A}
	EndGlobalSection
EndGlobal
