
Microsoft Visual Studio Solution File, Format Version 12.00
# Visual Studio Version 16
VisualStudioVersion = 16.0.33801.447
MinimumVisualStudioVersion = 10.0.40219.1
Project("{FAE04EC0-301F-11D3-BF4B-00C04F79EFBC}") = "Array Assignment", "Array Assignment.csproj", "{C210DD9D-783A-450B-929F-5B10F332F594}"
EndProject
Global
	GlobalSection(SolutionConfigurationPlatforms) = preSolution
		Debug|Any CPU = Debug|Any CPU
		Release|Any CPU = Release|Any CPU
	EndGlobalSection
	GlobalSection(ProjectConfigurationPlatforms) = postSolution
		{C210DD9D-783A-450B-929F-5B10F332F594}.Debug|Any CPU.ActiveCfg = Debug|Any CPU
		{C210DD9D-783A-450B-929F-5B10F332F594}.Debug|Any CPU.Build.0 = Debug|Any CPU
		{C210DD9D-783A-450B-929F-5B10F332F594}.Release|Any CPU.ActiveCfg = Release|Any CPU
		{C210DD9D-783A-450B-929F-5B10F332F594}.Release|Any CPU.Build.0 = Release|Any CPU
	EndGlobalSection
	GlobalSection(SolutionProperties) = preSolution
		HideSolutionNode = FALSE
	EndGlobalSection
	GlobalSection(ExtensibilityGlobals) = postSolution
		SolutionGuid = {EA2E86CA-2388-4D72-B7B3-F7BEA67EFD0A}
	EndGlobalSection
EndGlobal
