
Microsoft Visual Studio Solution File, Format Version 12.00
# Visual Studio Version 16
VisualStudioVersion = 16.0.33801.447
MinimumVisualStudioVersion = 10.0.40219.1
Project("{FAE04EC0-301F-11D3-BF4B-00C04F79EFBC}") = "Input Assignment", "Input Assignment.csproj", "{C29FE918-D54D-4D5A-98AA-0F36F832D30B}"
EndProject
Global
	GlobalSection(SolutionConfigurationPlatforms) = preSolution
		Debug|Any CPU = Debug|Any CPU
		Release|Any CPU = Release|Any CPU
	EndGlobalSection
	GlobalSection(ProjectConfigurationPlatforms) = postSolution
		{C29FE918-D54D-4D5A-98AA-0F36F832D30B}.Debug|Any CPU.ActiveCfg = Debug|Any CPU
		{C29FE918-D54D-4D5A-98AA-0F36F832D30B}.Debug|Any CPU.Build.0 = Debug|Any CPU
		{C29FE918-D54D-4D5A-98AA-0F36F832D30B}.Release|Any CPU.ActiveCfg = Release|Any CPU
		{C29FE918-D54D-4D5A-98AA-0F36F832D30B}.Release|Any CPU.Build.0 = Release|Any CPU
	EndGlobalSection
	GlobalSection(SolutionProperties) = preSolution
		HideSolutionNode = FALSE
	EndGlobalSection
	GlobalSection(ExtensibilityGlobals) = postSolution
		SolutionGuid = {21EAF0F2-E7DD-43A9-B50F-43C34218BEC2}
	EndGlobalSection
EndGlobal
