
Microsoft Visual Studio Solution File, Format Version 12.00
# Visual Studio Version 16
VisualStudioVersion = 16.0.33801.447
MinimumVisualStudioVersion = 10.0.40219.1
Project("{FAE04EC0-301F-11D3-BF4B-00C04F79EFBC}") = "ConsoleApplicationAssignment", "ConsoleApplicationAssignment.csproj", "{2C5EC497-B9BF-4DED-8FC4-89C3FAA25F58}"
EndProject
Global
	GlobalSection(SolutionConfigurationPlatforms) = preSolution
		Debug|Any CPU = Debug|Any CPU
		Release|Any CPU = Release|Any CPU
	EndGlobalSection
	GlobalSection(ProjectConfigurationPlatforms) = postSolution
		{2C5EC497-B9BF-4DED-8FC4-89C3FAA25F58}.Debug|Any CPU.ActiveCfg = Debug|Any CPU
		{2C5EC497-B9BF-4DED-8FC4-89C3FAA25F58}.Debug|Any CPU.Build.0 = Debug|Any CPU
		{2C5EC497-B9BF-4DED-8FC4-89C3FAA25F58}.Release|Any CPU.ActiveCfg = Release|Any CPU
		{2C5EC497-B9BF-4DED-8FC4-89C3FAA25F58}.Release|Any CPU.Build.0 = Release|Any CPU
	EndGlobalSection
	GlobalSection(SolutionProperties) = preSolution
		HideSolutionNode = FALSE
	EndGlobalSection
	GlobalSection(ExtensibilityGlobals) = postSolution
		SolutionGuid = {DB03B634-CF6D-416A-9BD4-EBF0ED0466D6}
	EndGlobalSection
EndGlobal
