
Microsoft Visual Studio Solution File, Format Version 12.00
# Visual Studio Version 17
VisualStudioVersion = 17.6.33829.357
MinimumVisualStudioVersion = 10.0.40219.1
Project("{FAE04EC0-301F-11D3-BF4B-00C04F79EFBC}") = "Twenty One", "Twenty One\Twenty One.csproj", "{15596BA2-2D84-4F84-8923-C6038E4331F0}"
EndProject
Project("{FAE04EC0-301F-11D3-BF4B-00C04F79EFBC}") = "Casino", "Casino\Casino.csproj", "{879ADA5C-AA74-41EA-B933-8EF5420F046D}"
EndProject
Global
	GlobalSection(SolutionConfigurationPlatforms) = preSolution
		Debug|Any CPU = Debug|Any CPU
		Release|Any CPU = Release|Any CPU
	EndGlobalSection
	GlobalSection(ProjectConfigurationPlatforms) = postSolution
		{15596BA2-2D84-4F84-8923-C6038E4331F0}.Debug|Any CPU.ActiveCfg = Debug|Any CPU
		{15596BA2-2D84-4F84-8923-C6038E4331F0}.Debug|Any CPU.Build.0 = Debug|Any CPU
		{15596BA2-2D84-4F84-8923-C6038E4331F0}.Release|Any CPU.ActiveCfg = Release|Any CPU
		{15596BA2-2D84-4F84-8923-C6038E4331F0}.Release|Any CPU.Build.0 = Release|Any CPU
		{879ADA5C-AA74-41EA-B933-8EF5420F046D}.Debug|Any CPU.ActiveCfg = Debug|Any CPU
		{879ADA5C-AA74-41EA-B933-8EF5420F046D}.Debug|Any CPU.Build.0 = Debug|Any CPU
		{879ADA5C-AA74-41EA-B933-8EF5420F046D}.Release|Any CPU.ActiveCfg = Release|Any CPU
		{879ADA5C-AA74-41EA-B933-8EF5420F046D}.Release|Any CPU.Build.0 = Release|Any CPU
	EndGlobalSection
	GlobalSection(SolutionProperties) = preSolution
		HideSolutionNode = FALSE
	EndGlobalSection
	GlobalSection(ExtensibilityGlobals) = postSolution
		SolutionGuid = {02ABCC3B-80C7-4DB3-A412-3D56836EADAA}
	EndGlobalSection
EndGlobal
