
Microsoft Visual Studio Solution File, Format Version 12.00
# Visual Studio Version 16
VisualStudioVersion = 16.0.33801.447
MinimumVisualStudioVersion = 10.0.40219.1
Project("{FAE04EC0-301F-11D3-BF4B-00C04F79EFBC}") = "Method Assignment", "Method Assignment.csproj", "{D4251BCD-A1EC-4B48-95F1-FE1BFE233389}"
EndProject
Global
	GlobalSection(SolutionConfigurationPlatforms) = preSolution
		Debug|Any CPU = Debug|Any CPU
		Release|Any CPU = Release|Any CPU
	EndGlobalSection
	GlobalSection(ProjectConfigurationPlatforms) = postSolution
		{D4251BCD-A1EC-4B48-95F1-FE1BFE233389}.Debug|Any CPU.ActiveCfg = Debug|Any CPU
		{D4251BCD-A1EC-4B48-95F1-FE1BFE233389}.Debug|Any CPU.Build.0 = Debug|Any CPU
		{D4251BCD-A1EC-4B48-95F1-FE1BFE233389}.Release|Any CPU.ActiveCfg = Release|Any CPU
		{D4251BCD-A1EC-4B48-95F1-FE1BFE233389}.Release|Any CPU.Build.0 = Release|Any CPU
	EndGlobalSection
	GlobalSection(SolutionProperties) = preSolution
		HideSolutionNode = FALSE
	EndGlobalSection
	GlobalSection(ExtensibilityGlobals) = postSolution
		SolutionGuid = {DC6E679B-5ADF-4799-93EC-5E7C7F67C0FC}
	EndGlobalSection
EndGlobal
