
Microsoft Visual Studio Solution File, Format Version 12.00
# Visual Studio Version 16
VisualStudioVersion = 16.0.33801.447
MinimumVisualStudioVersion = 10.0.40219.1
Project("{FAE04EC0-301F-11D3-BF4B-00C04F79EFBC}") = "Polymorphism Assignment", "Polymorphism Assignment.csproj", "{67014FD9-091D-43BC-B8F0-42223A4B3947}"
EndProject
Global
	GlobalSection(SolutionConfigurationPlatforms) = preSolution
		Debug|Any CPU = Debug|Any CPU
		Release|Any CPU = Release|Any CPU
	EndGlobalSection
	GlobalSection(ProjectConfigurationPlatforms) = postSolution
		{67014FD9-091D-43BC-B8F0-42223A4B3947}.Debug|Any CPU.ActiveCfg = Debug|Any CPU
		{67014FD9-091D-43BC-B8F0-42223A4B3947}.Debug|Any CPU.Build.0 = Debug|Any CPU
		{67014FD9-091D-43BC-B8F0-42223A4B3947}.Release|Any CPU.ActiveCfg = Release|Any CPU
		{67014FD9-091D-43BC-B8F0-42223A4B3947}.Release|Any CPU.Build.0 = Release|Any CPU
	EndGlobalSection
	GlobalSection(SolutionProperties) = preSolution
		HideSolutionNode = FALSE
	EndGlobalSection
	GlobalSection(ExtensibilityGlobals) = postSolution
		SolutionGuid = {BFA9F4D4-071D-4604-B4C2-57EE4C400F18}
	EndGlobalSection
EndGlobal
